<?xml version="1.0" encoding="UTF-8"?>
<!DOCTYPE plist PUBLIC "-//Apple//DTD PLIST 1.0//EN" "http://www.apple.com/DTDs/PropertyList-1.0.dtd">
<plist version="1.0">
<dict>
	<key>archiveVersion</key>
	<string>1</string>
	<key>classes</key>
	<dict/>
	<key>objectVersion</key>
	<string>46</string>
	<key>objects</key>
	<dict>
		<key>3DBEB2950FA56BA63EB2E337</key>
		<dict>
			<key>children</key>
			<array>
				<string>50C4866174B56FEA4EB0E4F3</string>
				<string>76A8C2F9A26DEB7FE6F0D87E</string>
			</array>
			<key>isa</key>
			<string>PBXGroup</string>
			<key>name</key>
			<string>Pods</string>
			<key>sourceTree</key>
			<string>&lt;group&gt;</string>
		</dict>
		<key>46EFEF2B01DD4B86AD7765BC</key>
		<dict>
			<key>explicitFileType</key>
			<string>archive.ar</string>
			<key>includeInIndex</key>
			<string>0</string>
			<key>isa</key>
			<string>PBXFileReference</string>
			<key>path</key>
			<string>libPods.a</string>
			<key>sourceTree</key>
			<string>BUILT_PRODUCTS_DIR</string>
		</dict>
		<key>50C4866174B56FEA4EB0E4F3</key>
		<dict>
			<key>includeInIndex</key>
			<string>1</string>
			<key>isa</key>
			<string>PBXFileReference</string>
			<key>lastKnownFileType</key>
			<string>text.xcconfig</string>
			<key>name</key>
			<string>Pods.debug.xcconfig</string>
			<key>path</key>
			<string>Pods/Target Support Files/Pods/Pods.debug.xcconfig</string>
			<key>sourceTree</key>
			<string>&lt;group&gt;</string>
		</dict>
		<key>559A4FF349D14A77989DA498</key>
		<dict>
			<key>buildActionMask</key>
			<string>2147483647</string>
			<key>files</key>
			<array/>
			<key>inputPaths</key>
			<array/>
			<key>isa</key>
			<string>PBXShellScriptBuildPhase</string>
			<key>name</key>
			<string>Copy Pods Resources</string>
			<key>outputPaths</key>
			<array/>
			<key>runOnlyForDeploymentPostprocessing</key>
			<string>0</string>
			<key>shellPath</key>
			<string>/bin/sh</string>
			<key>shellScript</key>
			<string>"${SRCROOT}/Pods/Target Support Files/Pods/Pods-resources.sh"
</string>
			<key>showEnvVarsInLog</key>
			<string>0</string>
		</dict>
		<key>5A91C5CC19D9B26000A0BEC8</key>
		<dict>
			<key>fileEncoding</key>
			<string>4</string>
			<key>isa</key>
			<string>PBXFileReference</string>
			<key>lastKnownFileType</key>
			<string>sourcecode.swift</string>
			<key>name</key>
			<string>TweetDetailsButtonsCell.swift</string>
			<key>path</key>
			<string>twitter/TweetDetailsButtonsCell.swift</string>
			<key>sourceTree</key>
			<string>&lt;group&gt;</string>
		</dict>
		<key>5A91C5CD19D9B26000A0BEC8</key>
		<dict>
			<key>fileEncoding</key>
			<string>4</string>
			<key>isa</key>
			<string>PBXFileReference</string>
			<key>lastKnownFileType</key>
			<string>file.xib</string>
			<key>name</key>
			<string>TweetDetailsButtonsCell.xib</string>
			<key>path</key>
			<string>twitter/TweetDetailsButtonsCell.xib</string>
			<key>sourceTree</key>
			<string>&lt;group&gt;</string>
		</dict>
		<key>5A91C5CE19D9B26000A0BEC8</key>
		<dict>
			<key>fileRef</key>
			<string>5A91C5CC19D9B26000A0BEC8</string>
			<key>isa</key>
			<string>PBXBuildFile</string>
		</dict>
		<key>5A91C5CF19D9B26000A0BEC8</key>
		<dict>
			<key>fileRef</key>
			<string>5A91C5CD19D9B26000A0BEC8</string>
			<key>isa</key>
			<string>PBXBuildFile</string>
		</dict>
		<key>5A91C5D019D9E62A00A0BEC8</key>
		<dict>
			<key>fileEncoding</key>
			<string>4</string>
			<key>isa</key>
			<string>PBXFileReference</string>
			<key>lastKnownFileType</key>
			<string>sourcecode.swift</string>
			<key>path</key>
			<string>RetweetedStatus.swift</string>
			<key>sourceTree</key>
			<string>&lt;group&gt;</string>
		</dict>
		<key>5A91C5D119D9E62A00A0BEC8</key>
		<dict>
			<key>fileRef</key>
			<string>5A91C5D019D9E62A00A0BEC8</string>
			<key>isa</key>
			<string>PBXBuildFile</string>
		</dict>
		<key>5A91C60919DB223700A0BEC8</key>
		<dict>
			<key>children</key>
			<array>
				<string>5A91C60A19DB225400A0BEC8</string>
				<string>5A91C60B19DB225400A0BEC8</string>
			</array>
			<key>isa</key>
			<string>PBXGroup</string>
			<key>name</key>
			<string>Compose</string>
			<key>sourceTree</key>
			<string>&lt;group&gt;</string>
		</dict>
		<key>5A91C60A19DB225400A0BEC8</key>
		<dict>
			<key>fileEncoding</key>
			<string>4</string>
			<key>isa</key>
			<string>PBXFileReference</string>
			<key>lastKnownFileType</key>
			<string>sourcecode.swift</string>
			<key>path</key>
			<string>ComposeViewController.swift</string>
			<key>sourceTree</key>
			<string>&lt;group&gt;</string>
		</dict>
		<key>5A91C60B19DB225400A0BEC8</key>
		<dict>
			<key>fileEncoding</key>
			<string>4</string>
			<key>isa</key>
			<string>PBXFileReference</string>
			<key>lastKnownFileType</key>
			<string>file.xib</string>
			<key>path</key>
			<string>ComposeViewController.xib</string>
			<key>sourceTree</key>
			<string>&lt;group&gt;</string>
		</dict>
		<key>5A91C60C19DB225400A0BEC8</key>
		<dict>
			<key>fileRef</key>
			<string>5A91C60A19DB225400A0BEC8</string>
			<key>isa</key>
			<string>PBXBuildFile</string>
		</dict>
		<key>5A91C60D19DB225400A0BEC8</key>
		<dict>
			<key>fileRef</key>
			<string>5A91C60B19DB225400A0BEC8</string>
			<key>isa</key>
			<string>PBXBuildFile</string>
		</dict>
		<key>5AA5EC7E19D4C60F000D0723</key>
		<dict>
			<key>children</key>
			<array>
				<string>5AA5EC8919D4C60F000D0723</string>
				<string>5AA5EC9F19D4C60F000D0723</string>
				<string>5AA5EC8819D4C60F000D0723</string>
				<string>5AA5ECB019D5D660000D0723</string>
				<string>5AA5ECC419D780E4000D0723</string>
				<string>3DBEB2950FA56BA63EB2E337</string>
			</array>
			<key>isa</key>
			<string>PBXGroup</string>
			<key>sourceTree</key>
			<string>&lt;group&gt;</string>
		</dict>
		<key>5AA5EC7F19D4C60F000D0723</key>
		<dict>
			<key>attributes</key>
			<dict>
				<key>LastUpgradeCheck</key>
				<string>0600</string>
				<key>ORGANIZATIONNAME</key>
				<string>madhan</string>
				<key>TargetAttributes</key>
				<dict>
					<key>5AA5EC8619D4C60F000D0723</key>
					<dict>
						<key>CreatedOnToolsVersion</key>
						<string>6.0</string>
					</dict>
					<key>5AA5EC9B19D4C60F000D0723</key>
					<dict>
						<key>CreatedOnToolsVersion</key>
						<string>6.0</string>
						<key>TestTargetID</key>
						<string>5AA5EC8619D4C60F000D0723</string>
					</dict>
				</dict>
			</dict>
			<key>buildConfigurationList</key>
			<string>5AA5EC8219D4C60F000D0723</string>
			<key>compatibilityVersion</key>
			<string>Xcode 3.2</string>
			<key>developmentRegion</key>
			<string>English</string>
			<key>hasScannedForEncodings</key>
			<string>0</string>
			<key>isa</key>
			<string>PBXProject</string>
			<key>knownRegions</key>
			<array>
				<string>en</string>
				<string>Base</string>
			</array>
			<key>mainGroup</key>
			<string>5AA5EC7E19D4C60F000D0723</string>
			<key>productRefGroup</key>
			<string>5AA5EC8819D4C60F000D0723</string>
			<key>projectDirPath</key>
			<string></string>
			<key>projectReferences</key>
			<array/>
			<key>projectRoot</key>
			<string></string>
			<key>targets</key>
			<array>
				<string>5AA5EC8619D4C60F000D0723</string>
				<string>5AA5EC9B19D4C60F000D0723</string>
			</array>
		</dict>
		<key>5AA5EC8219D4C60F000D0723</key>
		<dict>
			<key>buildConfigurations</key>
			<array>
				<string>5AA5ECA419D4C60F000D0723</string>
				<string>5AA5ECA519D4C60F000D0723</string>
			</array>
			<key>defaultConfigurationIsVisible</key>
			<string>0</string>
			<key>defaultConfigurationName</key>
			<string>Release</string>
			<key>isa</key>
			<string>XCConfigurationList</string>
		</dict>
		<key>5AA5EC8319D4C60F000D0723</key>
		<dict>
			<key>buildActionMask</key>
			<string>2147483647</string>
			<key>files</key>
			<array>
				<string>5AA5ECBE19D5E7CE000D0723</string>
				<string>5AA5ECD219D7B731000D0723</string>
				<string>5A91C5D119D9E62A00A0BEC8</string>
				<string>5A91C5CE19D9B26000A0BEC8</string>
				<string>5AA5ECB619D5D757000D0723</string>
				<string>5AA5EC8D19D4C60F000D0723</string>
				<string>5AA5ECD619D88958000D0723</string>
				<string>5AA5ECC119D7597B000D0723</string>
				<string>5AA5ECCC19D7AE4D000D0723</string>
				<string>5AA5ECB319D5D70B000D0723</string>
				<string>5AA5ECC919D7884C000D0723</string>
				<string>5AA5ECBA19D5DB9A000D0723</string>
				<string>5AA5ECC319D75BCD000D0723</string>
				<string>5A91C60C19DB225400A0BEC8</string>
			</array>
			<key>isa</key>
			<string>PBXSourcesBuildPhase</string>
			<key>runOnlyForDeploymentPostprocessing</key>
			<string>0</string>
		</dict>
		<key>5AA5EC8419D4C60F000D0723</key>
		<dict>
			<key>buildActionMask</key>
			<string>2147483647</string>
			<key>files</key>
			<array>
				<string>5AA5ECAF19D5D27F000D0723</string>
				<string>5AA5ECAD19D5D279000D0723</string>
				<string>A690D84B375F4868BEFA567D</string>
			</array>
			<key>isa</key>
			<string>PBXFrameworksBuildPhase</string>
			<key>runOnlyForDeploymentPostprocessing</key>
			<string>0</string>
		</dict>
		<key>5AA5EC8519D4C60F000D0723</key>
		<dict>
			<key>buildActionMask</key>
			<string>2147483647</string>
			<key>files</key>
			<array>
				<string>5AA5EC9719D4C60F000D0723</string>
				<string>5A91C60D19DB225400A0BEC8</string>
				<string>5AA5ECB419D5D70B000D0723</string>
				<string>5A91C5CF19D9B26000A0BEC8</string>
				<string>5AA5EC9419D4C60F000D0723</string>
				<string>5AA5ECCD19D7AE4D000D0723</string>
				<string>5AA5ECD719D88958000D0723</string>
				<string>5AA5ECBB19D5DB9A000D0723</string>
				<string>5AA5ECD319D7B731000D0723</string>
			</array>
			<key>isa</key>
			<string>PBXResourcesBuildPhase</string>
			<key>runOnlyForDeploymentPostprocessing</key>
			<string>0</string>
		</dict>
		<key>5AA5EC8619D4C60F000D0723</key>
		<dict>
			<key>buildConfigurationList</key>
			<string>5AA5ECA619D4C60F000D0723</string>
			<key>buildPhases</key>
			<array>
				<string>7DA9A2D3B42846B6A4558831</string>
				<string>5AA5EC8319D4C60F000D0723</string>
				<string>5AA5EC8419D4C60F000D0723</string>
				<string>5AA5EC8519D4C60F000D0723</string>
				<string>559A4FF349D14A77989DA498</string>
			</array>
			<key>buildRules</key>
			<array/>
			<key>dependencies</key>
			<array/>
			<key>isa</key>
			<string>PBXNativeTarget</string>
			<key>name</key>
			<string>twitter</string>
			<key>productName</key>
			<string>twitter</string>
			<key>productReference</key>
			<string>5AA5EC8719D4C60F000D0723</string>
			<key>productType</key>
			<string>com.apple.product-type.application</string>
		</dict>
		<key>5AA5EC8719D4C60F000D0723</key>
		<dict>
			<key>explicitFileType</key>
			<string>wrapper.application</string>
			<key>includeInIndex</key>
			<string>0</string>
			<key>isa</key>
			<string>PBXFileReference</string>
			<key>path</key>
			<string>twitter.app</string>
			<key>sourceTree</key>
			<string>BUILT_PRODUCTS_DIR</string>
		</dict>
		<key>5AA5EC8819D4C60F000D0723</key>
		<dict>
			<key>children</key>
			<array>
				<string>5AA5EC8719D4C60F000D0723</string>
				<string>5AA5EC9C19D4C60F000D0723</string>
			</array>
			<key>isa</key>
			<string>PBXGroup</string>
			<key>name</key>
			<string>Products</string>
			<key>sourceTree</key>
			<string>&lt;group&gt;</string>
		</dict>
		<key>5AA5EC8919D4C60F000D0723</key>
		<dict>
			<key>children</key>
			<array>
				<string>5AA5ECC719D78840000D0723</string>
				<string>5AA5ECBF19D75969000D0723</string>
				<string>5AA5ECBC19D5E7B9000D0723</string>
				<string>5AA5ECB719D5D95B000D0723</string>
				<string>5AA5ECCF19D7AE62000D0723</string>
				<string>5A91C60919DB223700A0BEC8</string>
				<string>5AA5EC8A19D4C60F000D0723</string>
			</array>
			<key>isa</key>
			<string>PBXGroup</string>
			<key>path</key>
			<string>twitter</string>
			<key>sourceTree</key>
			<string>&lt;group&gt;</string>
		</dict>
		<key>5AA5EC8A19D4C60F000D0723</key>
		<dict>
			<key>children</key>
			<array>
				<string>5AA5EC8C19D4C60F000D0723</string>
				<string>5AA5EC9519D4C60F000D0723</string>
				<string>5AA5EC9319D4C60F000D0723</string>
				<string>5AA5EC8B19D4C60F000D0723</string>
			</array>
			<key>isa</key>
			<string>PBXGroup</string>
			<key>name</key>
			<string>Supporting Files</string>
			<key>sourceTree</key>
			<string>&lt;group&gt;</string>
		</dict>
		<key>5AA5EC8B19D4C60F000D0723</key>
		<dict>
			<key>isa</key>
			<string>PBXFileReference</string>
			<key>lastKnownFileType</key>
			<string>text.plist.xml</string>
			<key>path</key>
			<string>Info.plist</string>
			<key>sourceTree</key>
			<string>&lt;group&gt;</string>
		</dict>
		<key>5AA5EC8C19D4C60F000D0723</key>
		<dict>
			<key>isa</key>
			<string>PBXFileReference</string>
			<key>lastKnownFileType</key>
			<string>sourcecode.swift</string>
			<key>path</key>
			<string>AppDelegate.swift</string>
			<key>sourceTree</key>
			<string>&lt;group&gt;</string>
		</dict>
		<key>5AA5EC8D19D4C60F000D0723</key>
		<dict>
			<key>fileRef</key>
			<string>5AA5EC8C19D4C60F000D0723</string>
			<key>isa</key>
			<string>PBXBuildFile</string>
		</dict>
		<key>5AA5EC9319D4C60F000D0723</key>
		<dict>
			<key>isa</key>
			<string>PBXFileReference</string>
			<key>lastKnownFileType</key>
			<string>folder.assetcatalog</string>
			<key>path</key>
			<string>Images.xcassets</string>
			<key>sourceTree</key>
			<string>&lt;group&gt;</string>
		</dict>
		<key>5AA5EC9419D4C60F000D0723</key>
		<dict>
			<key>fileRef</key>
			<string>5AA5EC9319D4C60F000D0723</string>
			<key>isa</key>
			<string>PBXBuildFile</string>
		</dict>
		<key>5AA5EC9519D4C60F000D0723</key>
		<dict>
			<key>children</key>
			<array>
				<string>5AA5EC9619D4C60F000D0723</string>
			</array>
			<key>isa</key>
			<string>PBXVariantGroup</string>
			<key>name</key>
			<string>LaunchScreen.xib</string>
			<key>sourceTree</key>
			<string>&lt;group&gt;</string>
		</dict>
		<key>5AA5EC9619D4C60F000D0723</key>
		<dict>
			<key>isa</key>
			<string>PBXFileReference</string>
			<key>lastKnownFileType</key>
			<string>file.xib</string>
			<key>name</key>
			<string>Base</string>
			<key>path</key>
			<string>Base.lproj/LaunchScreen.xib</string>
			<key>sourceTree</key>
			<string>&lt;group&gt;</string>
		</dict>
		<key>5AA5EC9719D4C60F000D0723</key>
		<dict>
			<key>fileRef</key>
			<string>5AA5EC9519D4C60F000D0723</string>
			<key>isa</key>
			<string>PBXBuildFile</string>
		</dict>
		<key>5AA5EC9819D4C60F000D0723</key>
		<dict>
			<key>buildActionMask</key>
			<string>2147483647</string>
			<key>files</key>
			<array>
				<string>5AA5ECA319D4C60F000D0723</string>
			</array>
			<key>isa</key>
			<string>PBXSourcesBuildPhase</string>
			<key>runOnlyForDeploymentPostprocessing</key>
			<string>0</string>
		</dict>
		<key>5AA5EC9919D4C60F000D0723</key>
		<dict>
			<key>buildActionMask</key>
			<string>2147483647</string>
			<key>files</key>
			<array/>
			<key>isa</key>
			<string>PBXFrameworksBuildPhase</string>
			<key>runOnlyForDeploymentPostprocessing</key>
			<string>0</string>
		</dict>
		<key>5AA5EC9A19D4C60F000D0723</key>
		<dict>
			<key>buildActionMask</key>
			<string>2147483647</string>
			<key>files</key>
			<array/>
			<key>isa</key>
			<string>PBXResourcesBuildPhase</string>
			<key>runOnlyForDeploymentPostprocessing</key>
			<string>0</string>
		</dict>
		<key>5AA5EC9B19D4C60F000D0723</key>
		<dict>
			<key>buildConfigurationList</key>
			<string>5AA5ECA919D4C60F000D0723</string>
			<key>buildPhases</key>
			<array>
				<string>5AA5EC9819D4C60F000D0723</string>
				<string>5AA5EC9919D4C60F000D0723</string>
				<string>5AA5EC9A19D4C60F000D0723</string>
			</array>
			<key>buildRules</key>
			<array/>
			<key>dependencies</key>
			<array>
				<string>5AA5EC9E19D4C60F000D0723</string>
			</array>
			<key>isa</key>
			<string>PBXNativeTarget</string>
			<key>name</key>
			<string>twitterTests</string>
			<key>productName</key>
			<string>twitterTests</string>
			<key>productReference</key>
			<string>5AA5EC9C19D4C60F000D0723</string>
			<key>productType</key>
			<string>com.apple.product-type.bundle.unit-test</string>
		</dict>
		<key>5AA5EC9C19D4C60F000D0723</key>
		<dict>
			<key>explicitFileType</key>
			<string>wrapper.cfbundle</string>
			<key>includeInIndex</key>
			<string>0</string>
			<key>isa</key>
			<string>PBXFileReference</string>
			<key>path</key>
			<string>twitterTests.xctest</string>
			<key>sourceTree</key>
			<string>BUILT_PRODUCTS_DIR</string>
		</dict>
		<key>5AA5EC9D19D4C60F000D0723</key>
		<dict>
			<key>containerPortal</key>
			<string>5AA5EC7F19D4C60F000D0723</string>
			<key>isa</key>
			<string>PBXContainerItemProxy</string>
			<key>proxyType</key>
			<string>1</string>
			<key>remoteGlobalIDString</key>
			<string>5AA5EC8619D4C60F000D0723</string>
			<key>remoteInfo</key>
			<string>twitter</string>
		</dict>
		<key>5AA5EC9E19D4C60F000D0723</key>
		<dict>
			<key>isa</key>
			<string>PBXTargetDependency</string>
			<key>target</key>
			<string>5AA5EC8619D4C60F000D0723</string>
			<key>targetProxy</key>
			<string>5AA5EC9D19D4C60F000D0723</string>
		</dict>
		<key>5AA5EC9F19D4C60F000D0723</key>
		<dict>
			<key>children</key>
			<array>
				<string>5AA5ECA219D4C60F000D0723</string>
				<string>5AA5ECA019D4C60F000D0723</string>
			</array>
			<key>isa</key>
			<string>PBXGroup</string>
			<key>path</key>
			<string>twitterTests</string>
			<key>sourceTree</key>
			<string>&lt;group&gt;</string>
		</dict>
		<key>5AA5ECA019D4C60F000D0723</key>
		<dict>
			<key>children</key>
			<array>
				<string>5AA5ECA119D4C60F000D0723</string>
			</array>
			<key>isa</key>
			<string>PBXGroup</string>
			<key>name</key>
			<string>Supporting Files</string>
			<key>sourceTree</key>
			<string>&lt;group&gt;</string>
		</dict>
		<key>5AA5ECA119D4C60F000D0723</key>
		<dict>
			<key>isa</key>
			<string>PBXFileReference</string>
			<key>lastKnownFileType</key>
			<string>text.plist.xml</string>
			<key>path</key>
			<string>Info.plist</string>
			<key>sourceTree</key>
			<string>&lt;group&gt;</string>
		</dict>
		<key>5AA5ECA219D4C60F000D0723</key>
		<dict>
			<key>isa</key>
			<string>PBXFileReference</string>
			<key>lastKnownFileType</key>
			<string>sourcecode.swift</string>
			<key>path</key>
			<string>twitterTests.swift</string>
			<key>sourceTree</key>
			<string>&lt;group&gt;</string>
		</dict>
		<key>5AA5ECA319D4C60F000D0723</key>
		<dict>
			<key>fileRef</key>
			<string>5AA5ECA219D4C60F000D0723</string>
			<key>isa</key>
			<string>PBXBuildFile</string>
		</dict>
		<key>5AA5ECA419D4C60F000D0723</key>
		<dict>
			<key>buildSettings</key>
			<dict>
				<key>ALWAYS_SEARCH_USER_PATHS</key>
				<string>NO</string>
				<key>CLANG_CXX_LANGUAGE_STANDARD</key>
				<string>gnu++0x</string>
				<key>CLANG_CXX_LIBRARY</key>
				<string>libc++</string>
				<key>CLANG_ENABLE_MODULES</key>
				<string>YES</string>
				<key>CLANG_ENABLE_OBJC_ARC</key>
				<string>YES</string>
				<key>CLANG_WARN_BOOL_CONVERSION</key>
				<string>YES</string>
				<key>CLANG_WARN_CONSTANT_CONVERSION</key>
				<string>YES</string>
				<key>CLANG_WARN_DIRECT_OBJC_ISA_USAGE</key>
				<string>YES_ERROR</string>
				<key>CLANG_WARN_EMPTY_BODY</key>
				<string>YES</string>
				<key>CLANG_WARN_ENUM_CONVERSION</key>
				<string>YES</string>
				<key>CLANG_WARN_INT_CONVERSION</key>
				<string>YES</string>
				<key>CLANG_WARN_OBJC_ROOT_CLASS</key>
				<string>YES_ERROR</string>
				<key>CLANG_WARN_UNREACHABLE_CODE</key>
				<string>YES</string>
				<key>CLANG_WARN__DUPLICATE_METHOD_MATCH</key>
				<string>YES</string>
				<key>CODE_SIGN_IDENTITY[sdk=iphoneos*]</key>
				<string>iPhone Developer</string>
				<key>COPY_PHASE_STRIP</key>
				<string>NO</string>
				<key>ENABLE_STRICT_OBJC_MSGSEND</key>
				<string>YES</string>
				<key>GCC_C_LANGUAGE_STANDARD</key>
				<string>gnu99</string>
				<key>GCC_DYNAMIC_NO_PIC</key>
				<string>NO</string>
				<key>GCC_OPTIMIZATION_LEVEL</key>
				<string>0</string>
				<key>GCC_PREPROCESSOR_DEFINITIONS</key>
				<array>
					<string>DEBUG=1</string>
					<string>$(inherited)</string>
				</array>
				<key>GCC_SYMBOLS_PRIVATE_EXTERN</key>
				<string>NO</string>
				<key>GCC_WARN_64_TO_32_BIT_CONVERSION</key>
				<string>YES</string>
				<key>GCC_WARN_ABOUT_RETURN_TYPE</key>
				<string>YES_ERROR</string>
				<key>GCC_WARN_UNDECLARED_SELECTOR</key>
				<string>YES</string>
				<key>GCC_WARN_UNINITIALIZED_AUTOS</key>
				<string>YES_AGGRESSIVE</string>
				<key>GCC_WARN_UNUSED_FUNCTION</key>
				<string>YES</string>
				<key>GCC_WARN_UNUSED_VARIABLE</key>
				<string>YES</string>
				<key>IPHONEOS_DEPLOYMENT_TARGET</key>
				<string>8.0</string>
				<key>MTL_ENABLE_DEBUG_INFO</key>
				<string>YES</string>
				<key>ONLY_ACTIVE_ARCH</key>
				<string>YES</string>
				<key>SDKROOT</key>
				<string>iphoneos</string>
				<key>SWIFT_OPTIMIZATION_LEVEL</key>
				<string>-Onone</string>
			</dict>
			<key>isa</key>
			<string>XCBuildConfiguration</string>
			<key>name</key>
			<string>Debug</string>
		</dict>
		<key>5AA5ECA519D4C60F000D0723</key>
		<dict>
			<key>buildSettings</key>
			<dict>
				<key>ALWAYS_SEARCH_USER_PATHS</key>
				<string>NO</string>
				<key>CLANG_CXX_LANGUAGE_STANDARD</key>
				<string>gnu++0x</string>
				<key>CLANG_CXX_LIBRARY</key>
				<string>libc++</string>
				<key>CLANG_ENABLE_MODULES</key>
				<string>YES</string>
				<key>CLANG_ENABLE_OBJC_ARC</key>
				<string>YES</string>
				<key>CLANG_WARN_BOOL_CONVERSION</key>
				<string>YES</string>
				<key>CLANG_WARN_CONSTANT_CONVERSION</key>
				<string>YES</string>
				<key>CLANG_WARN_DIRECT_OBJC_ISA_USAGE</key>
				<string>YES_ERROR</string>
				<key>CLANG_WARN_EMPTY_BODY</key>
				<string>YES</string>
				<key>CLANG_WARN_ENUM_CONVERSION</key>
				<string>YES</string>
				<key>CLANG_WARN_INT_CONVERSION</key>
				<string>YES</string>
				<key>CLANG_WARN_OBJC_ROOT_CLASS</key>
				<string>YES_ERROR</string>
				<key>CLANG_WARN_UNREACHABLE_CODE</key>
				<string>YES</string>
				<key>CLANG_WARN__DUPLICATE_METHOD_MATCH</key>
				<string>YES</string>
				<key>CODE_SIGN_IDENTITY[sdk=iphoneos*]</key>
				<string>iPhone Developer</string>
				<key>COPY_PHASE_STRIP</key>
				<string>YES</string>
				<key>ENABLE_NS_ASSERTIONS</key>
				<string>NO</string>
				<key>ENABLE_STRICT_OBJC_MSGSEND</key>
				<string>YES</string>
				<key>GCC_C_LANGUAGE_STANDARD</key>
				<string>gnu99</string>
				<key>GCC_WARN_64_TO_32_BIT_CONVERSION</key>
				<string>YES</string>
				<key>GCC_WARN_ABOUT_RETURN_TYPE</key>
				<string>YES_ERROR</string>
				<key>GCC_WARN_UNDECLARED_SELECTOR</key>
				<string>YES</string>
				<key>GCC_WARN_UNINITIALIZED_AUTOS</key>
				<string>YES_AGGRESSIVE</string>
				<key>GCC_WARN_UNUSED_FUNCTION</key>
				<string>YES</string>
				<key>GCC_WARN_UNUSED_VARIABLE</key>
				<string>YES</string>
				<key>IPHONEOS_DEPLOYMENT_TARGET</key>
				<string>8.0</string>
				<key>MTL_ENABLE_DEBUG_INFO</key>
				<string>NO</string>
				<key>SDKROOT</key>
				<string>iphoneos</string>
				<key>VALIDATE_PRODUCT</key>
				<string>YES</string>
			</dict>
			<key>isa</key>
			<string>XCBuildConfiguration</string>
			<key>name</key>
			<string>Release</string>
		</dict>
		<key>5AA5ECA619D4C60F000D0723</key>
		<dict>
			<key>buildConfigurations</key>
			<array>
				<string>5AA5ECA719D4C60F000D0723</string>
				<string>5AA5ECA819D4C60F000D0723</string>
			</array>
			<key>defaultConfigurationIsVisible</key>
			<string>0</string>
			<key>defaultConfigurationName</key>
			<string>Release</string>
			<key>isa</key>
			<string>XCConfigurationList</string>
		</dict>
		<key>5AA5ECA719D4C60F000D0723</key>
		<dict>
			<key>baseConfigurationReference</key>
			<string>50C4866174B56FEA4EB0E4F3</string>
			<key>buildSettings</key>
			<dict>
				<key>ASSETCATALOG_COMPILER_APPICON_NAME</key>
				<string>AppIcon</string>
				<key>CLANG_ENABLE_MODULES</key>
				<string>YES</string>
				<key>INFOPLIST_FILE</key>
				<string>twitter/Info.plist</string>
				<key>LD_RUNPATH_SEARCH_PATHS</key>
				<string>$(inherited) @executable_path/Frameworks</string>
				<key>PRODUCT_NAME</key>
				<string>$(TARGET_NAME)</string>
				<key>SWIFT_OBJC_BRIDGING_HEADER</key>
				<string>twitter-Bridging-Header.h</string>
				<key>SWIFT_OPTIMIZATION_LEVEL</key>
				<string>-Onone</string>
			</dict>
			<key>isa</key>
			<string>XCBuildConfiguration</string>
			<key>name</key>
			<string>Debug</string>
		</dict>
		<key>5AA5ECA819D4C60F000D0723</key>
		<dict>
			<key>baseConfigurationReference</key>
			<string>76A8C2F9A26DEB7FE6F0D87E</string>
			<key>buildSettings</key>
			<dict>
				<key>ASSETCATALOG_COMPILER_APPICON_NAME</key>
				<string>AppIcon</string>
				<key>CLANG_ENABLE_MODULES</key>
				<string>YES</string>
				<key>INFOPLIST_FILE</key>
				<string>twitter/Info.plist</string>
				<key>LD_RUNPATH_SEARCH_PATHS</key>
				<string>$(inherited) @executable_path/Frameworks</string>
				<key>PRODUCT_NAME</key>
				<string>$(TARGET_NAME)</string>
				<key>SWIFT_OBJC_BRIDGING_HEADER</key>
				<string>twitter-Bridging-Header.h</string>
			</dict>
			<key>isa</key>
			<string>XCBuildConfiguration</string>
			<key>name</key>
			<string>Release</string>
		</dict>
		<key>5AA5ECA919D4C60F000D0723</key>
		<dict>
			<key>buildConfigurations</key>
			<array>
				<string>5AA5ECAA19D4C60F000D0723</string>
				<string>5AA5ECAB19D4C60F000D0723</string>
			</array>
			<key>defaultConfigurationIsVisible</key>
			<string>0</string>
			<key>defaultConfigurationName</key>
			<string>Release</string>
			<key>isa</key>
			<string>XCConfigurationList</string>
		</dict>
		<key>5AA5ECAA19D4C60F000D0723</key>
		<dict>
			<key>buildSettings</key>
			<dict>
				<key>BUNDLE_LOADER</key>
				<string>$(TEST_HOST)</string>
				<key>FRAMEWORK_SEARCH_PATHS</key>
				<array>
					<string>$(SDKROOT)/Developer/Library/Frameworks</string>
					<string>$(inherited)</string>
				</array>
				<key>GCC_PREPROCESSOR_DEFINITIONS</key>
				<array>
					<string>DEBUG=1</string>
					<string>$(inherited)</string>
				</array>
				<key>INFOPLIST_FILE</key>
				<string>twitterTests/Info.plist</string>
				<key>LD_RUNPATH_SEARCH_PATHS</key>
				<string>$(inherited) @executable_path/Frameworks @loader_path/Frameworks</string>
				<key>PRODUCT_NAME</key>
				<string>$(TARGET_NAME)</string>
				<key>TEST_HOST</key>
				<string>$(BUILT_PRODUCTS_DIR)/twitter.app/twitter</string>
			</dict>
			<key>isa</key>
			<string>XCBuildConfiguration</string>
			<key>name</key>
			<string>Debug</string>
		</dict>
		<key>5AA5ECAB19D4C60F000D0723</key>
		<dict>
			<key>buildSettings</key>
			<dict>
				<key>BUNDLE_LOADER</key>
				<string>$(TEST_HOST)</string>
				<key>FRAMEWORK_SEARCH_PATHS</key>
				<array>
					<string>$(SDKROOT)/Developer/Library/Frameworks</string>
					<string>$(inherited)</string>
				</array>
				<key>INFOPLIST_FILE</key>
				<string>twitterTests/Info.plist</string>
				<key>LD_RUNPATH_SEARCH_PATHS</key>
				<string>$(inherited) @executable_path/Frameworks @loader_path/Frameworks</string>
				<key>PRODUCT_NAME</key>
				<string>$(TARGET_NAME)</string>
				<key>TEST_HOST</key>
				<string>$(BUILT_PRODUCTS_DIR)/twitter.app/twitter</string>
			</dict>
			<key>isa</key>
			<string>XCBuildConfiguration</string>
			<key>name</key>
			<string>Release</string>
		</dict>
		<key>5AA5ECAC19D5D279000D0723</key>
		<dict>
			<key>isa</key>
			<string>PBXFileReference</string>
			<key>lastKnownFileType</key>
			<string>wrapper.framework</string>
			<key>name</key>
			<string>Accounts.framework</string>
			<key>path</key>
			<string>System/Library/Frameworks/Accounts.framework</string>
			<key>sourceTree</key>
			<string>SDKROOT</string>
		</dict>
		<key>5AA5ECAD19D5D279000D0723</key>
		<dict>
			<key>fileRef</key>
			<string>5AA5ECAC19D5D279000D0723</string>
			<key>isa</key>
			<string>PBXBuildFile</string>
		</dict>
		<key>5AA5ECAE19D5D27F000D0723</key>
		<dict>
			<key>isa</key>
			<string>PBXFileReference</string>
			<key>lastKnownFileType</key>
			<string>wrapper.framework</string>
			<key>name</key>
			<string>Social.framework</string>
			<key>path</key>
			<string>System/Library/Frameworks/Social.framework</string>
			<key>sourceTree</key>
			<string>SDKROOT</string>
		</dict>
		<key>5AA5ECAF19D5D27F000D0723</key>
		<dict>
			<key>fileRef</key>
			<string>5AA5ECAE19D5D27F000D0723</string>
			<key>isa</key>
			<string>PBXBuildFile</string>
		</dict>
		<key>5AA5ECB019D5D660000D0723</key>
		<dict>
			<key>children</key>
			<array>
				<string>5AA5ECAE19D5D27F000D0723</string>
				<string>5AA5ECAC19D5D279000D0723</string>
				<string>46EFEF2B01DD4B86AD7765BC</string>
			</array>
			<key>isa</key>
			<string>PBXGroup</string>
			<key>name</key>
			<string>Frameworks</string>
			<key>sourceTree</key>
			<string>&lt;group&gt;</string>
		</dict>
		<key>5AA5ECB119D5D70B000D0723</key>
		<dict>
			<key>fileEncoding</key>
			<string>4</string>
			<key>isa</key>
			<string>PBXFileReference</string>
			<key>lastKnownFileType</key>
			<string>sourcecode.swift</string>
			<key>path</key>
			<string>StatusesViewController.swift</string>
			<key>sourceTree</key>
			<string>&lt;group&gt;</string>
		</dict>
		<key>5AA5ECB219D5D70B000D0723</key>
		<dict>
			<key>fileEncoding</key>
			<string>4</string>
			<key>isa</key>
			<string>PBXFileReference</string>
			<key>lastKnownFileType</key>
			<string>file.xib</string>
			<key>path</key>
			<string>StatusesViewController.xib</string>
			<key>sourceTree</key>
			<string>&lt;group&gt;</string>
		</dict>
		<key>5AA5ECB319D5D70B000D0723</key>
		<dict>
			<key>fileRef</key>
			<string>5AA5ECB119D5D70B000D0723</string>
			<key>isa</key>
			<string>PBXBuildFile</string>
		</dict>
		<key>5AA5ECB419D5D70B000D0723</key>
		<dict>
			<key>fileRef</key>
			<string>5AA5ECB219D5D70B000D0723</string>
			<key>isa</key>
			<string>PBXBuildFile</string>
		</dict>
		<key>5AA5ECB519D5D757000D0723</key>
		<dict>
			<key>fileEncoding</key>
			<string>4</string>
			<key>isa</key>
			<string>PBXFileReference</string>
			<key>lastKnownFileType</key>
			<string>sourcecode.swift</string>
			<key>path</key>
			<string>StatusesNavigationController.swift</string>
			<key>sourceTree</key>
			<string>&lt;group&gt;</string>
		</dict>
		<key>5AA5ECB619D5D757000D0723</key>
		<dict>
			<key>fileRef</key>
			<string>5AA5ECB519D5D757000D0723</string>
			<key>isa</key>
			<string>PBXBuildFile</string>
		</dict>
		<key>5AA5ECB719D5D95B000D0723</key>
		<dict>
			<key>children</key>
			<array>
				<string>5AA5ECB219D5D70B000D0723</string>
				<string>5AA5ECB119D5D70B000D0723</string>
				<string>5AA5ECB519D5D757000D0723</string>
				<string>5AA5ECB819D5DB9A000D0723</string>
				<string>5AA5ECB919D5DB9A000D0723</string>
			</array>
			<key>isa</key>
			<string>PBXGroup</string>
			<key>name</key>
			<string>Statuses</string>
			<key>sourceTree</key>
			<string>&lt;group&gt;</string>
		</dict>
		<key>5AA5ECB819D5DB9A000D0723</key>
		<dict>
			<key>fileEncoding</key>
			<string>4</string>
			<key>isa</key>
			<string>PBXFileReference</string>
			<key>lastKnownFileType</key>
			<string>sourcecode.swift</string>
			<key>path</key>
			<string>StatusCell.swift</string>
			<key>sourceTree</key>
			<string>&lt;group&gt;</string>
		</dict>
		<key>5AA5ECB919D5DB9A000D0723</key>
		<dict>
			<key>fileEncoding</key>
			<string>4</string>
			<key>isa</key>
			<string>PBXFileReference</string>
			<key>lastKnownFileType</key>
			<string>file.xib</string>
			<key>path</key>
			<string>StatusCell.xib</string>
			<key>sourceTree</key>
			<string>&lt;group&gt;</string>
		</dict>
		<key>5AA5ECBA19D5DB9A000D0723</key>
		<dict>
			<key>fileRef</key>
			<string>5AA5ECB819D5DB9A000D0723</string>
			<key>isa</key>
			<string>PBXBuildFile</string>
		</dict>
		<key>5AA5ECBB19D5DB9A000D0723</key>
		<dict>
			<key>fileRef</key>
			<string>5AA5ECB919D5DB9A000D0723</string>
			<key>isa</key>
			<string>PBXBuildFile</string>
		</dict>
		<key>5AA5ECBC19D5E7B9000D0723</key>
		<dict>
			<key>children</key>
			<array>
				<string>5AA5ECBD19D5E7CE000D0723</string>
			</array>
			<key>isa</key>
			<string>PBXGroup</string>
			<key>name</key>
			<string>API</string>
			<key>sourceTree</key>
			<string>&lt;group&gt;</string>
		</dict>
		<key>5AA5ECBD19D5E7CE000D0723</key>
		<dict>
			<key>fileEncoding</key>
			<string>4</string>
			<key>isa</key>
			<string>PBXFileReference</string>
			<key>lastKnownFileType</key>
			<string>sourcecode.swift</string>
			<key>path</key>
			<string>TwitterClient.swift</string>
			<key>sourceTree</key>
			<string>&lt;group&gt;</string>
		</dict>
		<key>5AA5ECBE19D5E7CE000D0723</key>
		<dict>
			<key>fileRef</key>
			<string>5AA5ECBD19D5E7CE000D0723</string>
			<key>isa</key>
			<string>PBXBuildFile</string>
		</dict>
		<key>5AA5ECBF19D75969000D0723</key>
		<dict>
			<key>children</key>
			<array>
				<string>5AA5ECC019D7597B000D0723</string>
				<string>5AA5ECC219D75BCD000D0723</string>
				<string>5A91C5D019D9E62A00A0BEC8</string>
			</array>
			<key>isa</key>
			<string>PBXGroup</string>
			<key>name</key>
			<string>Models</string>
			<key>sourceTree</key>
			<string>&lt;group&gt;</string>
		</dict>
		<key>5AA5ECC019D7597B000D0723</key>
		<dict>
			<key>fileEncoding</key>
			<string>4</string>
			<key>isa</key>
			<string>PBXFileReference</string>
			<key>lastKnownFileType</key>
			<string>sourcecode.swift</string>
			<key>path</key>
			<string>Tweet.swift</string>
			<key>sourceTree</key>
			<string>&lt;group&gt;</string>
		</dict>
		<key>5AA5ECC119D7597B000D0723</key>
		<dict>
			<key>fileRef</key>
			<string>5AA5ECC019D7597B000D0723</string>
			<key>isa</key>
			<string>PBXBuildFile</string>
		</dict>
		<key>5AA5ECC219D75BCD000D0723</key>
		<dict>
			<key>fileEncoding</key>
			<string>4</string>
			<key>isa</key>
			<string>PBXFileReference</string>
			<key>lastKnownFileType</key>
			<string>sourcecode.swift</string>
			<key>path</key>
			<string>User.swift</string>
			<key>sourceTree</key>
			<string>&lt;group&gt;</string>
		</dict>
		<key>5AA5ECC319D75BCD000D0723</key>
		<dict>
			<key>fileRef</key>
			<string>5AA5ECC219D75BCD000D0723</string>
			<key>isa</key>
			<string>PBXBuildFile</string>
		</dict>
		<key>5AA5ECC419D780E4000D0723</key>
		<dict>
			<key>isa</key>
			<string>PBXFileReference</string>
			<key>lastKnownFileType</key>
			<string>sourcecode.c.h</string>
			<key>path</key>
			<string>twitter-Bridging-Header.h</string>
			<key>sourceTree</key>
			<string>&lt;group&gt;</string>
		</dict>
		<key>5AA5ECC719D78840000D0723</key>
		<dict>
			<key>children</key>
			<array>
				<string>5AA5ECC819D7884C000D0723</string>
			</array>
			<key>isa</key>
			<string>PBXGroup</string>
			<key>name</key>
			<string>Helpers</string>
			<key>sourceTree</key>
			<string>&lt;group&gt;</string>
		</dict>
		<key>5AA5ECC819D7884C000D0723</key>
		<dict>
			<key>fileEncoding</key>
			<string>4</string>
			<key>isa</key>
			<string>PBXFileReference</string>
			<key>lastKnownFileType</key>
			<string>sourcecode.swift</string>
			<key>path</key>
			<string>UIColorHelper.swift</string>
			<key>sourceTree</key>
			<string>&lt;group&gt;</string>
		</dict>
		<key>5AA5ECC919D7884C000D0723</key>
		<dict>
			<key>fileRef</key>
			<string>5AA5ECC819D7884C000D0723</string>
			<key>isa</key>
			<string>PBXBuildFile</string>
		</dict>
		<key>5AA5ECCA19D7AE4D000D0723</key>
		<dict>
			<key>fileEncoding</key>
			<string>4</string>
			<key>isa</key>
			<string>PBXFileReference</string>
			<key>lastKnownFileType</key>
			<string>sourcecode.swift</string>
			<key>name</key>
			<string>TweetDetailsViewController.swift</string>
			<key>path</key>
			<string>twitter/TweetDetailsViewController.swift</string>
			<key>sourceTree</key>
			<string>&lt;group&gt;</string>
		</dict>
		<key>5AA5ECCB19D7AE4D000D0723</key>
		<dict>
			<key>fileEncoding</key>
			<string>4</string>
			<key>isa</key>
			<string>PBXFileReference</string>
			<key>lastKnownFileType</key>
			<string>file.xib</string>
			<key>name</key>
			<string>TweetDetailsViewController.xib</string>
			<key>path</key>
			<string>twitter/TweetDetailsViewController.xib</string>
			<key>sourceTree</key>
			<string>&lt;group&gt;</string>
		</dict>
		<key>5AA5ECCC19D7AE4D000D0723</key>
		<dict>
			<key>fileRef</key>
			<string>5AA5ECCA19D7AE4D000D0723</string>
			<key>isa</key>
			<string>PBXBuildFile</string>
		</dict>
		<key>5AA5ECCD19D7AE4D000D0723</key>
		<dict>
			<key>fileRef</key>
			<string>5AA5ECCB19D7AE4D000D0723</string>
			<key>isa</key>
			<string>PBXBuildFile</string>
		</dict>
		<key>5AA5ECCF19D7AE62000D0723</key>
		<dict>
			<key>children</key>
			<array>
				<string>5AA5ECCA19D7AE4D000D0723</string>
				<string>5AA5ECCB19D7AE4D000D0723</string>
				<string>5AA5ECD019D7B731000D0723</string>
				<string>5AA5ECD119D7B731000D0723</string>
				<string>5AA5ECD419D88958000D0723</string>
				<string>5AA5ECD519D88958000D0723</string>
				<string>5A91C5CC19D9B26000A0BEC8</string>
				<string>5A91C5CD19D9B26000A0BEC8</string>
			</array>
			<key>isa</key>
			<string>PBXGroup</string>
			<key>name</key>
			<string>Tweet Details</string>
			<key>path</key>
			<string>..</string>
			<key>sourceTree</key>
			<string>&lt;group&gt;</string>
		</dict>
		<key>5AA5ECD019D7B731000D0723</key>
		<dict>
			<key>fileEncoding</key>
			<string>4</string>
			<key>isa</key>
			<string>PBXFileReference</string>
			<key>lastKnownFileType</key>
			<string>sourcecode.swift</string>
			<key>name</key>
			<string>TweetDetailsMainCell.swift</string>
			<key>path</key>
			<string>twitter/TweetDetailsMainCell.swift</string>
			<key>sourceTree</key>
			<string>&lt;group&gt;</string>
		</dict>
		<key>5AA5ECD119D7B731000D0723</key>
		<dict>
			<key>fileEncoding</key>
			<string>4</string>
			<key>isa</key>
			<string>PBXFileReference</string>
			<key>lastKnownFileType</key>
			<string>file.xib</string>
			<key>name</key>
			<string>TweetDetailsMainCell.xib</string>
			<key>path</key>
			<string>twitter/TweetDetailsMainCell.xib</string>
			<key>sourceTree</key>
			<string>&lt;group&gt;</string>
		</dict>
		<key>5AA5ECD219D7B731000D0723</key>
		<dict>
			<key>fileRef</key>
			<string>5AA5ECD019D7B731000D0723</string>
			<key>isa</key>
			<string>PBXBuildFile</string>
		</dict>
		<key>5AA5ECD319D7B731000D0723</key>
		<dict>
			<key>fileRef</key>
			<string>5AA5ECD119D7B731000D0723</string>
			<key>isa</key>
			<string>PBXBuildFile</string>
		</dict>
		<key>5AA5ECD419D88958000D0723</key>
		<dict>
			<key>fileEncoding</key>
			<string>4</string>
			<key>isa</key>
			<string>PBXFileReference</string>
			<key>lastKnownFileType</key>
			<string>sourcecode.swift</string>
			<key>name</key>
			<string>TweetDetailsMetaDataCell.swift</string>
			<key>path</key>
			<string>twitter/TweetDetailsMetaDataCell.swift</string>
			<key>sourceTree</key>
			<string>&lt;group&gt;</string>
		</dict>
		<key>5AA5ECD519D88958000D0723</key>
		<dict>
			<key>fileEncoding</key>
			<string>4</string>
			<key>isa</key>
			<string>PBXFileReference</string>
			<key>lastKnownFileType</key>
			<string>file.xib</string>
			<key>name</key>
			<string>TweetDetailsMetaDataCell.xib</string>
			<key>path</key>
			<string>twitter/TweetDetailsMetaDataCell.xib</string>
			<key>sourceTree</key>
			<string>&lt;group&gt;</string>
		</dict>
		<key>5AA5ECD619D88958000D0723</key>
		<dict>
			<key>fileRef</key>
			<string>5AA5ECD419D88958000D0723</string>
			<key>isa</key>
			<string>PBXBuildFile</string>
		</dict>
		<key>5AA5ECD719D88958000D0723</key>
		<dict>
			<key>fileRef</key>
			<string>5AA5ECD519D88958000D0723</string>
			<key>isa</key>
			<string>PBXBuildFile</string>
		</dict>
		<key>76A8C2F9A26DEB7FE6F0D87E</key>
		<dict>
			<key>includeInIndex</key>
			<string>1</string>
			<key>isa</key>
			<string>PBXFileReference</string>
			<key>lastKnownFileType</key>
			<string>text.xcconfig</string>
			<key>name</key>
			<string>Pods.release.xcconfig</string>
			<key>path</key>
			<string>Pods/Target Support Files/Pods/Pods.release.xcconfig</string>
			<key>sourceTree</key>
			<string>&lt;group&gt;</string>
		</dict>
		<key>7DA9A2D3B42846B6A4558831</key>
		<dict>
			<key>buildActionMask</key>
			<string>2147483647</string>
			<key>files</key>
			<array/>
			<key>inputPaths</key>
			<array/>
			<key>isa</key>
			<string>PBXShellScriptBuildPhase</string>
			<key>name</key>
			<string>Check Pods Manifest.lock</string>
			<key>outputPaths</key>
			<array/>
			<key>runOnlyForDeploymentPostprocessing</key>
			<string>0</string>
			<key>shellPath</key>
			<string>/bin/sh</string>
			<key>shellScript</key>
			<string>diff "${PODS_ROOT}/../Podfile.lock" "${PODS_ROOT}/Manifest.lock" &gt; /dev/null
if [[ $? != 0 ]] ; then
    cat &lt;&lt; EOM
error: The sandbox is not in sync with the Podfile.lock. Run 'pod install' or update your CocoaPods installation.
EOM
    exit 1
fi
</string>
			<key>showEnvVarsInLog</key>
			<string>0</string>
		</dict>
		<key>A690D84B375F4868BEFA567D</key>
		<dict>
			<key>fileRef</key>
			<string>46EFEF2B01DD4B86AD7765BC</string>
			<key>isa</key>
			<string>PBXBuildFile</string>
		</dict>
	</dict>
	<key>rootObject</key>
	<string>5AA5EC7F19D4C60F000D0723</string>
</dict>
</plist>
